
Microsoft Visual Studio Solution File, Format Version 12.00
# Visual Studio Version 17
VisualStudioVersion = 17.11.35222.181
MinimumVisualStudioVersion = 10.0.40219.1
Project("{FAE04EC0-301F-11D3-BF4B-00C04F79EFBC}") = "SA_Online_Mart", "SA_Online_Mart.csproj", "{23709774-10D3-4B0E-AF14-346CC5899968}"
EndProject
Global
	GlobalSection(SolutionConfigurationPlatforms) = preSolution
		Debug|Any CPU = Debug|Any CPU
		Release|Any CPU = Release|Any CPU
	EndGlobalSection
	GlobalSection(ProjectConfigurationPlatforms) = postSolution
		{23709774-10D3-4B0E-AF14-346CC5899968}.Debug|Any CPU.ActiveCfg = Debug|Any CPU
		{23709774-10D3-4B0E-AF14-346CC5899968}.Debug|Any CPU.Build.0 = Debug|Any CPU
		{23709774-10D3-4B0E-AF14-346CC5899968}.Release|Any CPU.ActiveCfg = Release|Any CPU
		{23709774-10D3-4B0E-AF14-346CC5899968}.Release|Any CPU.Build.0 = Release|Any CPU
	EndGlobalSection
	GlobalSection(SolutionProperties) = preSolution
		HideSolutionNode = FALSE
	EndGlobalSection
	GlobalSection(ExtensibilityGlobals) = postSolution
		SolutionGuid = {854D025D-6214-4668-99B4-6E7BBF3EC6B0}
	EndGlobalSection
EndGlobal
